
Microsoft Visual Studio Solution File, Format Version 12.00
# Visual Studio Version 17
VisualStudioVersion = 17.8.34330.188
MinimumVisualStudioVersion = 10.0.40219.1
Project("{8BC9CEB8-8B4A-11D0-8D11-00A0C91BC942}") = "MatCap_texture", "MatCap_texture.vcxproj", "{702D4460-9CC5-49EE-A0EF-CDA7B0EE3897}"
EndProject
Global
	GlobalSection(SolutionConfigurationPlatforms) = preSolution
		Debug|x64 = Debug|x64
		Debug|x86 = Debug|x86
		Release|x64 = Release|x64
		Release|x86 = Release|x86
	EndGlobalSection
	GlobalSection(ProjectConfigurationPlatforms) = postSolution
		{702D4460-9CC5-49EE-A0EF-CDA7B0EE3897}.Debug|x64.ActiveCfg = Debug|x64
		{702D4460-9CC5-49EE-A0EF-CDA7B0EE3897}.Debug|x64.Build.0 = Debug|x64
		{702D4460-9CC5-49EE-A0EF-CDA7B0EE3897}.Debug|x86.ActiveCfg = Debug|Win32
		{702D4460-9CC5-49EE-A0EF-CDA7B0EE3897}.Debug|x86.Build.0 = Debug|Win32
		{702D4460-9CC5-49EE-A0EF-CDA7B0EE3897}.Release|x64.ActiveCfg = Release|x64
		{702D4460-9CC5-49EE-A0EF-CDA7B0EE3897}.Release|x64.Build.0 = Release|x64
		{702D4460-9CC5-49EE-A0EF-CDA7B0EE3897}.Release|x86.ActiveCfg = Release|Win32
		{702D4460-9CC5-49EE-A0EF-CDA7B0EE3897}.Release|x86.Build.0 = Release|Win32
	EndGlobalSection
	GlobalSection(SolutionProperties) = preSolution
		HideSolutionNode = FALSE
	EndGlobalSection
	GlobalSection(ExtensibilityGlobals) = postSolution
		SolutionGuid = {70181E1A-8663-4632-B2C5-F67B17F98773}
	EndGlobalSection
EndGlobal
