
Microsoft Visual Studio Solution File, Format Version 12.00
# Visual Studio Version 17
VisualStudioVersion = 17.3.32901.215
MinimumVisualStudioVersion = 10.0.40219.1
Project("{8BC9CEB8-8B4A-11D0-8D11-00A0C91BC942}") = "TestPost", "TestPost.vcxproj", "{38F02A4C-C8ED-4DF3-A7F0-50F55189C7AB}"
EndProject
Global
	GlobalSection(SolutionConfigurationPlatforms) = preSolution
		Debug|x64 = Debug|x64
		Debug|x86 = Debug|x86
		Release|x64 = Release|x64
		Release|x86 = Release|x86
	EndGlobalSection
	GlobalSection(ProjectConfigurationPlatforms) = postSolution
		{38F02A4C-C8ED-4DF3-A7F0-50F55189C7AB}.Debug|x64.ActiveCfg = Debug|x64
		{38F02A4C-C8ED-4DF3-A7F0-50F55189C7AB}.Debug|x64.Build.0 = Debug|x64
		{38F02A4C-C8ED-4DF3-A7F0-50F55189C7AB}.Debug|x86.ActiveCfg = Debug|Win32
		{38F02A4C-C8ED-4DF3-A7F0-50F55189C7AB}.Debug|x86.Build.0 = Debug|Win32
		{38F02A4C-C8ED-4DF3-A7F0-50F55189C7AB}.Release|x64.ActiveCfg = Release|x64
		{38F02A4C-C8ED-4DF3-A7F0-50F55189C7AB}.Release|x64.Build.0 = Release|x64
		{38F02A4C-C8ED-4DF3-A7F0-50F55189C7AB}.Release|x86.ActiveCfg = Release|Win32
		{38F02A4C-C8ED-4DF3-A7F0-50F55189C7AB}.Release|x86.Build.0 = Release|Win32
	EndGlobalSection
	GlobalSection(SolutionProperties) = preSolution
		HideSolutionNode = FALSE
	EndGlobalSection
	GlobalSection(ExtensibilityGlobals) = postSolution
		SolutionGuid = {2E0E5B77-302B-4817-AD24-5B3C5179B763}
	EndGlobalSection
EndGlobal
