<?xml version="1.0" encoding="utf-8"?>
<Project ToolsVersion="4.0" xmlns="http://schemas.microsoft.com/developer/msbuild/2003">
  <ItemGroup>
    <Filter Include="Source Files">
      <UniqueIdentifier>{6987abb3-351b-42f6-abb3-57fb5a9a264e}</UniqueIdentifier>
      <Extensions>cpp;c;cxx;rc;def;r;odl;idl;hpj;bat</Extensions>
    </Filter>
    <Filter Include="Header Files">
      <UniqueIdentifier>{136b2672-9f2c-49b6-ac9b-58338d6ea842}</UniqueIdentifier>
      <Extensions>h;hpp;hxx;hm;inl</Extensions>
    </Filter>
    <Filter Include="Resource Files">
      <UniqueIdentifier>{8cac35f4-96d5-435e-ba17-449aeeb06a99}</UniqueIdentifier>
      <Extensions>ico;cur;bmp;dlg;rc2;rct;bin;rgs;gif;jpg;jpeg;jpe</Extensions>
    </Filter>
  </ItemGroup>
  <ItemGroup>
    <ClCompile Include="Entry.cpp">
      <Filter>Source Files</Filter>
    </ClCompile>
    <ClCompile Include="Export.cpp">
      <Filter>Source Files</Filter>
    </ClCompile>
    <ClCompile Include="ExportActionsDialog.cpp">
      <Filter>Source Files</Filter>
    </ClCompile>
    <ClCompile Include="ExportModelDialog.cpp">
      <Filter>Source Files</Filter>
    </ClCompile>
    <ClCompile Include="ExportModelsDialog.cpp">
      <Filter>Source Files</Filter>
    </ClCompile>
    <ClCompile Include="Hxt.cpp">
      <Filter>Source Files</Filter>
    </ClCompile>
    <ClCompile Include="Import.cpp">
      <Filter>Source Files</Filter>
    </ClCompile>
    <ClCompile Include="ImportModelDialog.cpp">
      <Filter>Source Files</Filter>
    </ClCompile>
    <ClCompile Include="TextureMapDialog.cpp">
      <Filter>Source Files</Filter>
    </ClCompile>
  </ItemGroup>
  <ItemGroup>
    <ClInclude Include="Archive.h">
      <Filter>Header Files</Filter>
    </ClInclude>
    <ClInclude Include="ExportActionsDialog.h">
      <Filter>Header Files</Filter>
    </ClInclude>
    <ClInclude Include="ExportModelDialog.h">
      <Filter>Header Files</Filter>
    </ClInclude>
    <ClInclude Include="ExportModelsDialog.h">
      <Filter>Header Files</Filter>
    </ClInclude>
    <ClInclude Include="Hxt.h">
      <Filter>Header Files</Filter>
    </ClInclude>
    <ClInclude Include="ImportModelDialog.h">
      <Filter>Header Files</Filter>
    </ClInclude>
    <ClInclude Include="Resource.h">
      <Filter>Header Files</Filter>
    </ClInclude>
    <ClInclude Include="StdAfx.h">
      <Filter>Header Files</Filter>
    </ClInclude>
    <ClInclude Include="TextureMapDialog.h">
      <Filter>Header Files</Filter>
    </ClInclude>
  </ItemGroup>
  <ItemGroup>
    <None Include="res\HXT.rc2">
      <Filter>Resource Files</Filter>
    </None>
  </ItemGroup>
  <ItemGroup>
    <ResourceCompile Include="Hxt.rc">
      <Filter>Resource Files</Filter>
    </ResourceCompile>
  </ItemGroup>
</Project>