
Microsoft Visual Studio Solution File, Format Version 12.00
# Visual Studio Version 17
VisualStudioVersion = 17.8.34330.188
MinimumVisualStudioVersion = 10.0.40219.1
Project("{8BC9CEB8-8B4A-11D0-8D11-00A0C91BC942}") = "Dusty", "Dusty.vcxproj", "{5CB35420-5E66-4EF5-A3EC-A404F349DB28}"
EndProject
Global
	GlobalSection(SolutionConfigurationPlatforms) = preSolution
		Debug|x64 = Debug|x64
		Debug|x86 = Debug|x86
		Release|x64 = Release|x64
		Release|x86 = Release|x86
	EndGlobalSection
	GlobalSection(ProjectConfigurationPlatforms) = postSolution
		{5CB35420-5E66-4EF5-A3EC-A404F349DB28}.Debug|x64.ActiveCfg = Debug|x64
		{5CB35420-5E66-4EF5-A3EC-A404F349DB28}.Debug|x64.Build.0 = Debug|x64
		{5CB35420-5E66-4EF5-A3EC-A404F349DB28}.Debug|x86.ActiveCfg = Debug|Win32
		{5CB35420-5E66-4EF5-A3EC-A404F349DB28}.Debug|x86.Build.0 = Debug|Win32
		{5CB35420-5E66-4EF5-A3EC-A404F349DB28}.Release|x64.ActiveCfg = Release|x64
		{5CB35420-5E66-4EF5-A3EC-A404F349DB28}.Release|x64.Build.0 = Release|x64
		{5CB35420-5E66-4EF5-A3EC-A404F349DB28}.Release|x86.ActiveCfg = Release|Win32
		{5CB35420-5E66-4EF5-A3EC-A404F349DB28}.Release|x86.Build.0 = Release|Win32
	EndGlobalSection
	GlobalSection(SolutionProperties) = preSolution
		HideSolutionNode = FALSE
	EndGlobalSection
	GlobalSection(ExtensibilityGlobals) = postSolution
		SolutionGuid = {663FBFB9-1050-4AA3-908C-2A9AE07F4F28}
	EndGlobalSection
EndGlobal
