
Microsoft Visual Studio Solution File, Format Version 12.00
# Visual Studio Version 17
VisualStudioVersion = 17.2.32616.157
MinimumVisualStudioVersion = 10.0.40219.1
Project("{8BC9CEB8-8B4A-11D0-8D11-00A0C91BC942}") = "Polhemus Network", "PolhemusNet.vcxproj", "{9ECC85EC-5367-4F63-8BB9-9302A2D899B9}"
EndProject
Global
	GlobalSection(SolutionConfigurationPlatforms) = preSolution
		Debug_Intel|x64 = Debug_Intel|x64
		Debug_Intel|x86 = Debug_Intel|x86
		Debug|x64 = Debug|x64
		Debug|x86 = Debug|x86
		Release_Intel|x64 = Release_Intel|x64
		Release_Intel|x86 = Release_Intel|x86
		Release|x64 = Release|x64
		Release|x86 = Release|x86
	EndGlobalSection
	GlobalSection(ProjectConfigurationPlatforms) = postSolution
		{9ECC85EC-5367-4F63-8BB9-9302A2D899B9}.Debug_Intel|x64.ActiveCfg = Debug_Intel|x64
		{9ECC85EC-5367-4F63-8BB9-9302A2D899B9}.Debug_Intel|x64.Build.0 = Debug_Intel|x64
		{9ECC85EC-5367-4F63-8BB9-9302A2D899B9}.Debug_Intel|x86.ActiveCfg = Debug_Intel|Win32
		{9ECC85EC-5367-4F63-8BB9-9302A2D899B9}.Debug_Intel|x86.Build.0 = Debug_Intel|Win32
		{9ECC85EC-5367-4F63-8BB9-9302A2D899B9}.Debug|x64.ActiveCfg = Debug|x64
		{9ECC85EC-5367-4F63-8BB9-9302A2D899B9}.Debug|x64.Build.0 = Debug|x64
		{9ECC85EC-5367-4F63-8BB9-9302A2D899B9}.Debug|x86.ActiveCfg = Debug|Win32
		{9ECC85EC-5367-4F63-8BB9-9302A2D899B9}.Debug|x86.Build.0 = Debug|Win32
		{9ECC85EC-5367-4F63-8BB9-9302A2D899B9}.Release_Intel|x64.ActiveCfg = Release_Intel|x64
		{9ECC85EC-5367-4F63-8BB9-9302A2D899B9}.Release_Intel|x64.Build.0 = Release_Intel|x64
		{9ECC85EC-5367-4F63-8BB9-9302A2D899B9}.Release_Intel|x86.ActiveCfg = Release_Intel|Win32
		{9ECC85EC-5367-4F63-8BB9-9302A2D899B9}.Release_Intel|x86.Build.0 = Release_Intel|Win32
		{9ECC85EC-5367-4F63-8BB9-9302A2D899B9}.Release|x64.ActiveCfg = Release|x64
		{9ECC85EC-5367-4F63-8BB9-9302A2D899B9}.Release|x64.Build.0 = Release|x64
		{9ECC85EC-5367-4F63-8BB9-9302A2D899B9}.Release|x86.ActiveCfg = Release|Win32
		{9ECC85EC-5367-4F63-8BB9-9302A2D899B9}.Release|x86.Build.0 = Release|Win32
	EndGlobalSection
	GlobalSection(SolutionProperties) = preSolution
		HideSolutionNode = FALSE
	EndGlobalSection
	GlobalSection(ExtensibilityGlobals) = postSolution
		SolutionGuid = {95D45A80-C56C-4665-98E6-236FC3FD65E7}
	EndGlobalSection
EndGlobal
