
Microsoft Visual Studio Solution File, Format Version 12.00
# Visual Studio 15
VisualStudioVersion = 15.0.28307.1062
MinimumVisualStudioVersion = 10.0.40219.1
Project("{8BC9CEB8-8B4A-11D0-8D11-00A0C91BC942}") = "Dxf", "dxf.vcxproj", "{11243C50-F253-43AF-936D-6132ADC18BF4}"
EndProject
Global
	GlobalSection(SolutionConfigurationPlatforms) = preSolution
		Debug_Intel|x64 = Debug_Intel|x64
		Debug_Intel|x86 = Debug_Intel|x86
		Debug|x64 = Debug|x64
		Debug|x86 = Debug|x86
		Release_Intel|x64 = Release_Intel|x64
		Release_Intel|x86 = Release_Intel|x86
		Release|x64 = Release|x64
		Release|x86 = Release|x86
	EndGlobalSection
	GlobalSection(ProjectConfigurationPlatforms) = postSolution
		{11243C50-F253-43AF-936D-6132ADC18BF4}.Debug_Intel|x64.ActiveCfg = Debug_Intel|x64
		{11243C50-F253-43AF-936D-6132ADC18BF4}.Debug_Intel|x64.Build.0 = Debug_Intel|x64
		{11243C50-F253-43AF-936D-6132ADC18BF4}.Debug_Intel|x86.ActiveCfg = Debug_Intel|Win32
		{11243C50-F253-43AF-936D-6132ADC18BF4}.Debug_Intel|x86.Build.0 = Debug_Intel|Win32
		{11243C50-F253-43AF-936D-6132ADC18BF4}.Debug|x64.ActiveCfg = Debug|x64
		{11243C50-F253-43AF-936D-6132ADC18BF4}.Debug|x64.Build.0 = Debug|x64
		{11243C50-F253-43AF-936D-6132ADC18BF4}.Debug|x86.ActiveCfg = Debug|Win32
		{11243C50-F253-43AF-936D-6132ADC18BF4}.Debug|x86.Build.0 = Debug|Win32
		{11243C50-F253-43AF-936D-6132ADC18BF4}.Release_Intel|x64.ActiveCfg = Release_Intel|x64
		{11243C50-F253-43AF-936D-6132ADC18BF4}.Release_Intel|x64.Build.0 = Release_Intel|x64
		{11243C50-F253-43AF-936D-6132ADC18BF4}.Release_Intel|x86.ActiveCfg = Release_Intel|Win32
		{11243C50-F253-43AF-936D-6132ADC18BF4}.Release_Intel|x86.Build.0 = Release_Intel|Win32
		{11243C50-F253-43AF-936D-6132ADC18BF4}.Release|x64.ActiveCfg = Release|x64
		{11243C50-F253-43AF-936D-6132ADC18BF4}.Release|x64.Build.0 = Release|x64
		{11243C50-F253-43AF-936D-6132ADC18BF4}.Release|x86.ActiveCfg = Release|Win32
		{11243C50-F253-43AF-936D-6132ADC18BF4}.Release|x86.Build.0 = Release|Win32
	EndGlobalSection
	GlobalSection(SolutionProperties) = preSolution
		HideSolutionNode = FALSE
	EndGlobalSection
	GlobalSection(ExtensibilityGlobals) = postSolution
		SolutionGuid = {50584194-CC3A-4B85-8B29-88FD0B8D1EAB}
	EndGlobalSection
EndGlobal
