
Microsoft Visual Studio Solution File, Format Version 12.00
# Visual Studio 14
VisualStudioVersion = 14.0.25420.1
MinimumVisualStudioVersion = 10.0.40219.1
Project("{8BC9CEB8-8B4A-11D0-8D11-00A0C91BC942}") = "BulletPara", "BulletPara.vcxproj", "{6CFE31A3-5BE6-4652-AA30-A7FA07A2A5D4}"
EndProject
Global
	GlobalSection(SolutionConfigurationPlatforms) = preSolution
		Debug_Intel|x64 = Debug_Intel|x64
		Debug_Intel|x86 = Debug_Intel|x86
		Debug|x64 = Debug|x64
		Debug|x86 = Debug|x86
		Release_Intel|x64 = Release_Intel|x64
		Release_Intel|x86 = Release_Intel|x86
		Release|x64 = Release|x64
		Release|x86 = Release|x86
	EndGlobalSection
	GlobalSection(ProjectConfigurationPlatforms) = postSolution
		{6CFE31A3-5BE6-4652-AA30-A7FA07A2A5D4}.Debug_Intel|x64.ActiveCfg = Debug_Intel|x64
		{6CFE31A3-5BE6-4652-AA30-A7FA07A2A5D4}.Debug_Intel|x64.Build.0 = Debug_Intel|x64
		{6CFE31A3-5BE6-4652-AA30-A7FA07A2A5D4}.Debug_Intel|x86.ActiveCfg = Debug_Intel|Win32
		{6CFE31A3-5BE6-4652-AA30-A7FA07A2A5D4}.Debug_Intel|x86.Build.0 = Debug_Intel|Win32
		{6CFE31A3-5BE6-4652-AA30-A7FA07A2A5D4}.Debug|x64.ActiveCfg = Debug|x64
		{6CFE31A3-5BE6-4652-AA30-A7FA07A2A5D4}.Debug|x64.Build.0 = Debug|x64
		{6CFE31A3-5BE6-4652-AA30-A7FA07A2A5D4}.Debug|x86.ActiveCfg = Debug|Win32
		{6CFE31A3-5BE6-4652-AA30-A7FA07A2A5D4}.Debug|x86.Build.0 = Debug|Win32
		{6CFE31A3-5BE6-4652-AA30-A7FA07A2A5D4}.Release_Intel|x64.ActiveCfg = Release_Intel|x64
		{6CFE31A3-5BE6-4652-AA30-A7FA07A2A5D4}.Release_Intel|x64.Build.0 = Release_Intel|x64
		{6CFE31A3-5BE6-4652-AA30-A7FA07A2A5D4}.Release_Intel|x86.ActiveCfg = Release_Intel|Win32
		{6CFE31A3-5BE6-4652-AA30-A7FA07A2A5D4}.Release_Intel|x86.Build.0 = Release_Intel|Win32
		{6CFE31A3-5BE6-4652-AA30-A7FA07A2A5D4}.Release|x64.ActiveCfg = Release|x64
		{6CFE31A3-5BE6-4652-AA30-A7FA07A2A5D4}.Release|x64.Build.0 = Release|x64
		{6CFE31A3-5BE6-4652-AA30-A7FA07A2A5D4}.Release|x86.ActiveCfg = Release|Win32
		{6CFE31A3-5BE6-4652-AA30-A7FA07A2A5D4}.Release|x86.Build.0 = Release|Win32
	EndGlobalSection
	GlobalSection(SolutionProperties) = preSolution
		HideSolutionNode = FALSE
	EndGlobalSection
EndGlobal
